
Microsoft Visual Studio Solution File, Format Version 11.00
# Visual Studio 2010
Project("{F184B08F-C81C-45F6-A57F-5ABD9991F28F}") = "MyBookTitles", "WebApplication1\MyBookTitles.vbproj", "{8EC67215-D9CB-4D80-B14B-FE02EB5AB01D}"
EndProject
Global
	GlobalSection(SolutionConfigurationPlatforms) = preSolution
		Debug|Any CPU = Debug|Any CPU
		Release|Any CPU = Release|Any CPU
	EndGlobalSection
	GlobalSection(ProjectConfigurationPlatforms) = postSolution
		{8EC67215-D9CB-4D80-B14B-FE02EB5AB01D}.Debug|Any CPU.ActiveCfg = Debug|Any CPU
		{8EC67215-D9CB-4D80-B14B-FE02EB5AB01D}.Debug|Any CPU.Build.0 = Debug|Any CPU
		{8EC67215-D9CB-4D80-B14B-FE02EB5AB01D}.Release|Any CPU.ActiveCfg = Release|Any CPU
		{8EC67215-D9CB-4D80-B14B-FE02EB5AB01D}.Release|Any CPU.Build.0 = Release|Any CPU
	EndGlobalSection
	GlobalSection(SolutionProperties) = preSolution
		HideSolutionNode = FALSE
	EndGlobalSection
EndGlobal
